
Microsoft Visual Studio Solution File, Format Version 12.00
# Visual Studio 15
VisualStudioVersion = 15.0.28010.2036
MinimumVisualStudioVersion = 10.0.40219.1
Project("{FAE04EC0-301F-11D3-BF4B-00C04F79EFBC}") = "HLS.Android", "HLS\HLS.Android\HLS.Android.csproj", "{0D7A9344-AA07-4BC2-AA36-B94C26AEA66D}"
EndProject
Project("{D954291E-2A0B-460D-934E-DC6B0785DB48}") = "HLS", "HLS\HLS\HLS.shproj", "{39A69DC3-ADAA-4EAE-A169-D6E1CA10FCCF}"
EndProject
Global
	GlobalSection(SharedMSBuildProjectFiles) = preSolution
		HLS\HLS\HLS.projitems*{0d7a9344-aa07-4bc2-aa36-b94c26aea66d}*SharedItemsImports = 4
		HLS\HLS\HLS.projitems*{39a69dc3-adaa-4eae-a169-d6e1ca10fccf}*SharedItemsImports = 13
	EndGlobalSection
	GlobalSection(SolutionConfigurationPlatforms) = preSolution
		Debug|Any CPU = Debug|Any CPU
		Release|Any CPU = Release|Any CPU
	EndGlobalSection
	GlobalSection(ProjectConfigurationPlatforms) = postSolution
		{0D7A9344-AA07-4BC2-AA36-B94C26AEA66D}.Debug|Any CPU.ActiveCfg = Debug|Any CPU
		{0D7A9344-AA07-4BC2-AA36-B94C26AEA66D}.Debug|Any CPU.Build.0 = Debug|Any CPU
		{0D7A9344-AA07-4BC2-AA36-B94C26AEA66D}.Debug|Any CPU.Deploy.0 = Debug|Any CPU
		{0D7A9344-AA07-4BC2-AA36-B94C26AEA66D}.Release|Any CPU.ActiveCfg = Release|Any CPU
		{0D7A9344-AA07-4BC2-AA36-B94C26AEA66D}.Release|Any CPU.Build.0 = Release|Any CPU
		{0D7A9344-AA07-4BC2-AA36-B94C26AEA66D}.Release|Any CPU.Deploy.0 = Release|Any CPU
	EndGlobalSection
	GlobalSection(SolutionProperties) = preSolution
		HideSolutionNode = FALSE
	EndGlobalSection
	GlobalSection(ExtensibilityGlobals) = postSolution
		SolutionGuid = {5F90F628-FB25-431B-9637-FE7516634F0B}
	EndGlobalSection
EndGlobal
